{
  "name": "M2-ABRPO_1",
  "lockfileVersion": 3,
  "requires": true,
  "packages": {
    "": {
      "dependencies": {
        "@fancyapps/ui": "^4.0.31",
        "bootstrap": "^5.2.3",
        "jquery": "^3.6.3",
        "skitter-slider": "^5.1.4"
      }
    },
    "node_modules/@fancyapps/ui": {
      "version": "4.0.31",
      "resolved": "https://registry.npmjs.org/@fancyapps/ui/-/ui-4.0.31.tgz",
      "integrity": "sha512-D7+PMIloxSOFJyY+lXcNlVDhmssOmDT6PT5fqQUIiws2hT7PH29r0EKZxERmACSQpm6qrFkP7rSguzXWvRJduQ=="
    },
    "node_modules/@popperjs/core": {
      "version": "2.11.6",
      "resolved": "https://registry.npmjs.org/@popperjs/core/-/core-2.11.6.tgz",
      "integrity": "sha512-50/17A98tWUfQ176raKiOGXuYpLyyVMkxxG6oylzL3BPOlA6ADGdK7EYunSa4I064xerltq9TGXs8HmOk5E+vw==",
      "peer": true,
      "funding": {
        "type": "opencollective",
        "url": "https://opencollective.com/popperjs"
      }
    },
    "node_modules/bootstrap": {
      "version": "5.2.3",
      "resolved": "https://registry.npmjs.org/bootstrap/-/bootstrap-5.2.3.tgz",
      "integrity": "sha512-cEKPM+fwb3cT8NzQZYEu4HilJ3anCrWqh3CHAok1p9jXqMPsPTBhU25fBckEJHJ/p+tTxTFTsFQGM+gaHpi3QQ==",
      "funding": [
        {
          "type": "github",
          "url": "https://github.com/sponsors/twbs"
        },
        {
          "type": "opencollective",
          "url": "https://opencollective.com/bootstrap"
        }
      ],
      "peerDependencies": {
        "@popperjs/core": "^2.11.6"
      }
    },
    "node_modules/jquery": {
      "version": "3.6.3",
      "resolved": "https://registry.npmjs.org/jquery/-/jquery-3.6.3.tgz",
      "integrity": "sha512-bZ5Sy3YzKo9Fyc8wH2iIQK4JImJ6R0GWI9kL1/k7Z91ZBNgkRXE6U0JfHIizZbort8ZunhSI3jw9I6253ahKfg=="
    },
    "node_modules/skitter-slider": {
      "version": "5.1.4",
      "resolved": "https://registry.npmjs.org/skitter-slider/-/skitter-slider-5.1.4.tgz",
      "integrity": "sha512-TRBnVot7SXI19Sc3qEweIm7LYGLM97YCF+jrEWymXKkRBJOGXBxH2VPIoxdNi9346ea6UwcgjN7ElGFH1Yt/3Q=="
    }
  }
}
